
Microsoft Visual Studio Solution File, Format Version 12.00
# Visual Studio Version 16
VisualStudioVersion = 16.0.30503.244
MinimumVisualStudioVersion = 10.0.40219.1
Project("{FAE04EC0-301F-11D3-BF4B-00C04F79EFBC}") = "Sky", "Sky\Sky.csproj", "{63906011-1D97-4F1A-8BB8-D4711B67368F}"
EndProject
Global
	GlobalSection(SolutionConfigurationPlatforms) = preSolution
		Debug|Any CPU = Debug|Any CPU
		Release|Any CPU = Release|Any CPU
	EndGlobalSection
	GlobalSection(ProjectConfigurationPlatforms) = postSolution
		{63906011-1D97-4F1A-8BB8-D4711B67368F}.Debug|Any CPU.ActiveCfg = Debug|Any CPU
		{63906011-1D97-4F1A-8BB8-D4711B67368F}.Debug|Any CPU.Build.0 = Debug|Any CPU
		{63906011-1D97-4F1A-8BB8-D4711B67368F}.Release|Any CPU.ActiveCfg = Release|Any CPU
		{63906011-1D97-4F1A-8BB8-D4711B67368F}.Release|Any CPU.Build.0 = Release|Any CPU
	EndGlobalSection
	GlobalSection(SolutionProperties) = preSolution
		HideSolutionNode = FALSE
	EndGlobalSection
	GlobalSection(ExtensibilityGlobals) = postSolution
		SolutionGuid = {7428660C-361B-428C-9A3E-7DD1AF46F4B9}
	EndGlobalSection
EndGlobal
